{
  "name": "@reduxMonitor/example",
  "version": "0.1.0",
  "lockfileVersion": 2,
  "requires": true,
  "packages": {
    "": {
      "name": "@reduxMonitor/example",
      "version": "0.1.0",
      "license": "MIT",
      "dependencies": {
        "@reduxjs/toolkit": "^1.6.0",
        "@types/react": "^17.0.6",
        "@types/react-dom": "^17.0.5",
        "prop-types": "^15.7.2",
        "react": "^17.0.2",
        "react-dom": "^17.0.2",
        "react-redux": "^7.2.4",
        "typescript": "^4.2.4"
      },
      "devDependencies": {
        "esbuild": "^0.12.1",
        "esbuild-serve": "^1.0.1"
      }
    },
    "node_modules/@babel/runtime": {
      "version": "7.14.6",
      "resolved": "https://registry.npmjs.org/@babel/runtime/-/runtime-7.14.6.tgz",
      "integrity": "sha512-/PCB2uJ7oM44tz8YhC4Z/6PeOKXp4K588f+5M3clr1M4zbqztlo0XEfJ2LEzj/FgwfgGcIdl8n7YYjTCI0BYwg==",
      "dependencies": {
        "regenerator-runtime": "^0.13.4"
      },
      "engines": {
        "node": ">=6.9.0"
      }
    },
    "node_modules/@reduxjs/toolkit": {
      "version": "1.6.0",
      "resolved": "https://registry.npmjs.org/@reduxjs/toolkit/-/toolkit-1.6.0.tgz",
      "integrity": "sha512-eGL50G+Vj5AG5uD0lineb6rRtbs96M8+hxbcwkHpZ8LQcmt0Bm33WyBSnj5AweLkjQ7ZP+KFRDHiLMznljRQ3A==",
      "dependencies": {
        "immer": "^9.0.1",
        "redux": "^4.1.0",
        "redux-thunk": "^2.3.0",
        "reselect": "^4.0.0"
      },
      "peerDependencies": {
        "react": "^16.14.0 || ^17.0.0",
        "react-redux": "^7.2.1"
      },
      "peerDependenciesMeta": {
        "react": {
          "optional": true
        },
        "react-redux": {
          "optional": true
        }
      }
    },
    "node_modules/@types/hoist-non-react-statics": {
      "version": "3.3.1",
      "resolved": "https://registry.npmjs.org/@types/hoist-non-react-statics/-/hoist-non-react-statics-3.3.1.tgz",
      "integrity": "sha512-iMIqiko6ooLrTh1joXodJK5X9xeEALT1kM5G3ZLhD3hszxBdIEd5C75U834D9mLcINgD4OyZf5uQXjkuYydWvA==",
      "dependencies": {
        "@types/react": "*",
        "hoist-non-react-statics": "^3.3.0"
      }
    },
    "node_modules/@types/prop-types": {
      "version": "15.7.3",
      "resolved": "https://registry.npmjs.org/@types/prop-types/-/prop-types-15.7.3.tgz",
      "integrity": "sha512-KfRL3PuHmqQLOG+2tGpRO26Ctg+Cq1E01D2DMriKEATHgWLfeNDmq9e29Q9WIky0dQ3NPkd1mzYH8Lm936Z9qw=="
    },
    "node_modules/@types/react": {
      "version": "17.0.11",
      "resolved": "https://registry.npmjs.org/@types/react/-/react-17.0.11.tgz",
      "integrity": "sha512-yFRQbD+whVonItSk7ZzP/L+gPTJVBkL/7shLEF+i9GC/1cV3JmUxEQz6+9ylhUpWSDuqo1N9qEvqS6vTj4USUA==",
      "dependencies": {
        "@types/prop-types": "*",
        "@types/scheduler": "*",
        "csstype": "^3.0.2"
      }
    },
    "node_modules/@types/react-dom": {
      "version": "17.0.8",
      "resolved": "https://registry.npmjs.org/@types/react-dom/-/react-dom-17.0.8.tgz",
      "integrity": "sha512-0ohAiJAx1DAUEcY9UopnfwCE9sSMDGnY/oXjWMax6g3RpzmTt2GMyMVAXcbn0mo8XAff0SbQJl2/SBU+hjSZ1A==",
      "dependencies": {
        "@types/react": "*"
      }
    },
    "node_modules/@types/react-redux": {
      "version": "7.1.16",
      "resolved": "https://registry.npmjs.org/@types/react-redux/-/react-redux-7.1.16.tgz",
      "integrity": "sha512-f/FKzIrZwZk7YEO9E1yoxIuDNRiDducxkFlkw/GNMGEnK9n4K8wJzlJBghpSuOVDgEUHoDkDF7Gi9lHNQR4siw==",
      "dependencies": {
        "@types/hoist-non-react-statics": "^3.3.0",
        "@types/react": "*",
        "hoist-non-react-statics": "^3.3.0",
        "redux": "^4.0.0"
      }
    },
    "node_modules/@types/scheduler": {
      "version": "0.16.1",
      "resolved": "https://registry.npmjs.org/@types/scheduler/-/scheduler-0.16.1.tgz",
      "integrity": "sha512-EaCxbanVeyxDRTQBkdLb3Bvl/HK7PBK6UJjsSixB0iHKoWxE5uu2Q/DgtpOhPIojN0Zl1whvOd7PoHs2P0s5eA=="
    },
    "node_modules/create-serve": {
      "version": "1.0.1",
      "resolved": "https://registry.npmjs.org/create-serve/-/create-serve-1.0.1.tgz",
      "integrity": "sha512-cDAmBGhkwolS7ihq7SnPE8KwjYUZl5FaI9Pq5ZBwNelSKvFR9OoAA4/B5BfB/NC+eYaykBpX9RVMfuU4DHtrPw==",
      "dev": true,
      "bin": {
        "create-serve": "src/bin.js"
      }
    },
    "node_modules/csstype": {
      "version": "3.0.8",
      "resolved": "https://registry.npmjs.org/csstype/-/csstype-3.0.8.tgz",
      "integrity": "sha512-jXKhWqXPmlUeoQnF/EhTtTl4C9SnrxSH/jZUih3jmO6lBKr99rP3/+FmrMj4EFpOXzMtXHAZkd3x0E6h6Fgflw=="
    },
    "node_modules/esbuild": {
      "version": "0.12.10",
      "resolved": "https://registry.npmjs.org/esbuild/-/esbuild-0.12.10.tgz",
      "integrity": "sha512-KTZ84HqvKL1V76cVwv5W2/es+Bhdv8O9DYRKhJ0wHf1d2iLH6WEGX0zh7W+UzniWnZbUZg2c7GsdH2aWeFsfzQ==",
      "dev": true,
      "hasInstallScript": true,
      "bin": {
        "esbuild": "bin/esbuild"
      }
    },
    "node_modules/esbuild-serve": {
      "version": "1.0.1",
      "resolved": "https://registry.npmjs.org/esbuild-serve/-/esbuild-serve-1.0.1.tgz",
      "integrity": "sha512-VvYDThNuwg+YAuZC+RqAgw9TpEVGoDdcvm2mTL0lU+TxDXr+QGZfJ+zc6m7cXeJ940qijvdTSZl3mQbRGN4/PA==",
      "dev": true,
      "dependencies": {
        "create-serve": "^1.0.1",
        "esbuild": "^0.9.0"
      }
    },
    "node_modules/esbuild-serve/node_modules/esbuild": {
      "version": "0.9.7",
      "resolved": "https://registry.npmjs.org/esbuild/-/esbuild-0.9.7.tgz",
      "integrity": "sha512-VtUf6aQ89VTmMLKrWHYG50uByMF4JQlVysb8dmg6cOgW8JnFCipmz7p+HNBl+RR3LLCuBxFGVauAe2wfnF9bLg==",
      "dev": true,
      "hasInstallScript": true,
      "bin": {
        "esbuild": "bin/esbuild"
      }
    },
    "node_modules/hoist-non-react-statics": {
      "version": "3.3.2",
      "resolved": "https://registry.npmjs.org/hoist-non-react-statics/-/hoist-non-react-statics-3.3.2.tgz",
      "integrity": "sha512-/gGivxi8JPKWNm/W0jSmzcMPpfpPLc3dY/6GxhX2hQ9iGj3aDfklV4ET7NjKpSinLpJ5vafa9iiGIEZg10SfBw==",
      "dependencies": {
        "react-is": "^16.7.0"
      }
    },
    "node_modules/immer": {
      "version": "9.0.3",
      "resolved": "https://registry.npmjs.org/immer/-/immer-9.0.3.tgz",
      "integrity": "sha512-mONgeNSMuyjIe0lkQPa9YhdmTv8P19IeHV0biYhcXhbd5dhdB9HSK93zBpyKjp6wersSUgT5QyU0skmejUVP2A==",
      "funding": {
        "type": "opencollective",
        "url": "https://opencollective.com/immer"
      }
    },
    "node_modules/js-tokens": {
      "version": "4.0.0",
      "resolved": "https://registry.npmjs.org/js-tokens/-/js-tokens-4.0.0.tgz",
      "integrity": "sha512-RdJUflcE3cUzKiMqQgsCu06FPu9UdIJO0beYbPhHN4k6apgJtifcoCtT9bcxOpYBtpD2kCM6Sbzg4CausW/PKQ=="
    },
    "node_modules/loose-envify": {
      "version": "1.4.0",
      "resolved": "https://registry.npmjs.org/loose-envify/-/loose-envify-1.4.0.tgz",
      "integrity": "sha512-lyuxPGr/Wfhrlem2CL/UcnUc1zcqKAImBDzukY7Y5F/yQiNdko6+fRLevlw1HgMySw7f611UIY408EtxRSoK3Q==",
      "dependencies": {
        "js-tokens": "^3.0.0 || ^4.0.0"
      },
      "bin": {
        "loose-envify": "cli.js"
      }
    },
    "node_modules/object-assign": {
      "version": "4.1.1",
      "resolved": "https://registry.npmjs.org/object-assign/-/object-assign-4.1.1.tgz",
      "integrity": "sha1-IQmtx5ZYh8/AXLvUQsrIv7s2CGM=",
      "engines": {
        "node": ">=0.10.0"
      }
    },
    "node_modules/prop-types": {
      "version": "15.7.2",
      "resolved": "https://registry.npmjs.org/prop-types/-/prop-types-15.7.2.tgz",
      "integrity": "sha512-8QQikdH7//R2vurIJSutZ1smHYTcLpRWEOlHnzcWHmBYrOGUysKwSsrC89BCiFj3CbrfJ/nXFdJepOVrY1GCHQ==",
      "dependencies": {
        "loose-envify": "^1.4.0",
        "object-assign": "^4.1.1",
        "react-is": "^16.8.1"
      }
    },
    "node_modules/react": {
      "version": "17.0.2",
      "resolved": "https://registry.npmjs.org/react/-/react-17.0.2.tgz",
      "integrity": "sha512-gnhPt75i/dq/z3/6q/0asP78D0u592D5L1pd7M8P+dck6Fu/jJeL6iVVK23fptSUZj8Vjf++7wXA8UNclGQcbA==",
      "dependencies": {
        "loose-envify": "^1.1.0",
        "object-assign": "^4.1.1"
      },
      "engines": {
        "node": ">=0.10.0"
      }
    },
    "node_modules/react-dom": {
      "version": "17.0.2",
      "resolved": "https://registry.npmjs.org/react-dom/-/react-dom-17.0.2.tgz",
      "integrity": "sha512-s4h96KtLDUQlsENhMn1ar8t2bEa+q/YAtj8pPPdIjPDGBDIVNsrD9aXNWqspUe6AzKCIG0C1HZZLqLV7qpOBGA==",
      "dependencies": {
        "loose-envify": "^1.1.0",
        "object-assign": "^4.1.1",
        "scheduler": "^0.20.2"
      },
      "peerDependencies": {
        "react": "17.0.2"
      }
    },
    "node_modules/react-is": {
      "version": "16.13.1",
      "resolved": "https://registry.npmjs.org/react-is/-/react-is-16.13.1.tgz",
      "integrity": "sha512-24e6ynE2H+OKt4kqsOvNd8kBpV65zoxbA4BVsEOB3ARVWQki/DHzaUoC5KuON/BiccDaCCTZBuOcfZs70kR8bQ=="
    },
    "node_modules/react-redux": {
      "version": "7.2.4",
      "resolved": "https://registry.npmjs.org/react-redux/-/react-redux-7.2.4.tgz",
      "integrity": "sha512-hOQ5eOSkEJEXdpIKbnRyl04LhaWabkDPV+Ix97wqQX3T3d2NQ8DUblNXXtNMavc7DpswyQM6xfaN4HQDKNY2JA==",
      "dependencies": {
        "@babel/runtime": "^7.12.1",
        "@types/react-redux": "^7.1.16",
        "hoist-non-react-statics": "^3.3.2",
        "loose-envify": "^1.4.0",
        "prop-types": "^15.7.2",
        "react-is": "^16.13.1"
      },
      "peerDependencies": {
        "react": "^16.8.3 || ^17"
      },
      "peerDependenciesMeta": {
        "react-dom": {
          "optional": true
        },
        "react-native": {
          "optional": true
        }
      }
    },
    "node_modules/redux": {
      "version": "4.1.0",
      "resolved": "https://registry.npmjs.org/redux/-/redux-4.1.0.tgz",
      "integrity": "sha512-uI2dQN43zqLWCt6B/BMGRMY6db7TTY4qeHHfGeKb3EOhmOKjU3KdWvNLJyqaHRksv/ErdNH7cFZWg9jXtewy4g==",
      "dependencies": {
        "@babel/runtime": "^7.9.2"
      }
    },
    "node_modules/redux-thunk": {
      "version": "2.3.0",
      "resolved": "https://registry.npmjs.org/redux-thunk/-/redux-thunk-2.3.0.tgz",
      "integrity": "sha512-km6dclyFnmcvxhAcrQV2AkZmPQjzPDjgVlQtR0EQjxZPyJ0BnMf3in1ryuR8A2qU0HldVRfxYXbFSKlI3N7Slw=="
    },
    "node_modules/regenerator-runtime": {
      "version": "0.13.7",
      "resolved": "https://registry.npmjs.org/regenerator-runtime/-/regenerator-runtime-0.13.7.tgz",
      "integrity": "sha512-a54FxoJDIr27pgf7IgeQGxmqUNYrcV338lf/6gH456HZ/PhX+5BcwHXG9ajESmwe6WRO0tAzRUrRmNONWgkrew=="
    },
    "node_modules/reselect": {
      "version": "4.0.0",
      "resolved": "https://registry.npmjs.org/reselect/-/reselect-4.0.0.tgz",
      "integrity": "sha512-qUgANli03jjAyGlnbYVAV5vvnOmJnODyABz51RdBN7M4WaVu8mecZWgyQNkG8Yqe3KRGRt0l4K4B3XVEULC4CA=="
    },
    "node_modules/scheduler": {
      "version": "0.20.2",
      "resolved": "https://registry.npmjs.org/scheduler/-/scheduler-0.20.2.tgz",
      "integrity": "sha512-2eWfGgAqqWFGqtdMmcL5zCMK1U8KlXv8SQFGglL3CEtd0aDVDWgeF/YoCmvln55m5zSk3J/20hTaSBeSObsQDQ==",
      "dependencies": {
        "loose-envify": "^1.1.0",
        "object-assign": "^4.1.1"
      }
    },
    "node_modules/typescript": {
      "version": "4.3.4",
      "resolved": "https://registry.npmjs.org/typescript/-/typescript-4.3.4.tgz",
      "integrity": "sha512-uauPG7XZn9F/mo+7MrsRjyvbxFpzemRjKEZXS4AK83oP2KKOJPvb+9cO/gmnv8arWZvhnjVOXz7B49m1l0e9Ew==",
      "bin": {
        "tsc": "bin/tsc",
        "tsserver": "bin/tsserver"
      },
      "engines": {
        "node": ">=4.2.0"
      }
    }
  },
  "dependencies": {
    "@babel/runtime": {
      "version": "7.14.6",
      "resolved": "https://registry.npmjs.org/@babel/runtime/-/runtime-7.14.6.tgz",
      "integrity": "sha512-/PCB2uJ7oM44tz8YhC4Z/6PeOKXp4K588f+5M3clr1M4zbqztlo0XEfJ2LEzj/FgwfgGcIdl8n7YYjTCI0BYwg==",
      "requires": {
        "regenerator-runtime": "^0.13.4"
      }
    },
    "@reduxjs/toolkit": {
      "version": "1.6.0",
      "resolved": "https://registry.npmjs.org/@reduxjs/toolkit/-/toolkit-1.6.0.tgz",
      "integrity": "sha512-eGL50G+Vj5AG5uD0lineb6rRtbs96M8+hxbcwkHpZ8LQcmt0Bm33WyBSnj5AweLkjQ7ZP+KFRDHiLMznljRQ3A==",
      "requires": {
        "immer": "^9.0.1",
        "redux": "^4.1.0",
        "redux-thunk": "^2.3.0",
        "reselect": "^4.0.0"
      }
    },
    "@types/hoist-non-react-statics": {
      "version": "3.3.1",
      "resolved": "https://registry.npmjs.org/@types/hoist-non-react-statics/-/hoist-non-react-statics-3.3.1.tgz",
      "integrity": "sha512-iMIqiko6ooLrTh1joXodJK5X9xeEALT1kM5G3ZLhD3hszxBdIEd5C75U834D9mLcINgD4OyZf5uQXjkuYydWvA==",
      "requires": {
        "@types/react": "*",
        "hoist-non-react-statics": "^3.3.0"
      }
    },
    "@types/prop-types": {
      "version": "15.7.3",
      "resolved": "https://registry.npmjs.org/@types/prop-types/-/prop-types-15.7.3.tgz",
      "integrity": "sha512-KfRL3PuHmqQLOG+2tGpRO26Ctg+Cq1E01D2DMriKEATHgWLfeNDmq9e29Q9WIky0dQ3NPkd1mzYH8Lm936Z9qw=="
    },
    "@types/react": {
      "version": "17.0.11",
      "resolved": "https://registry.npmjs.org/@types/react/-/react-17.0.11.tgz",
      "integrity": "sha512-yFRQbD+whVonItSk7ZzP/L+gPTJVBkL/7shLEF+i9GC/1cV3JmUxEQz6+9ylhUpWSDuqo1N9qEvqS6vTj4USUA==",
      "requires": {
        "@types/prop-types": "*",
        "@types/scheduler": "*",
        "csstype": "^3.0.2"
      }
    },
    "@types/react-dom": {
      "version": "17.0.8",
      "resolved": "https://registry.npmjs.org/@types/react-dom/-/react-dom-17.0.8.tgz",
      "integrity": "sha512-0ohAiJAx1DAUEcY9UopnfwCE9sSMDGnY/oXjWMax6g3RpzmTt2GMyMVAXcbn0mo8XAff0SbQJl2/SBU+hjSZ1A==",
      "requires": {
        "@types/react": "*"
      }
    },
    "@types/react-redux": {
      "version": "7.1.16",
      "resolved": "https://registry.npmjs.org/@types/react-redux/-/react-redux-7.1.16.tgz",
      "integrity": "sha512-f/FKzIrZwZk7YEO9E1yoxIuDNRiDducxkFlkw/GNMGEnK9n4K8wJzlJBghpSuOVDgEUHoDkDF7Gi9lHNQR4siw==",
      "requires": {
        "@types/hoist-non-react-statics": "^3.3.0",
        "@types/react": "*",
        "hoist-non-react-statics": "^3.3.0",
        "redux": "^4.0.0"
      }
    },
    "@types/scheduler": {
      "version": "0.16.1",
      "resolved": "https://registry.npmjs.org/@types/scheduler/-/scheduler-0.16.1.tgz",
      "integrity": "sha512-EaCxbanVeyxDRTQBkdLb3Bvl/HK7PBK6UJjsSixB0iHKoWxE5uu2Q/DgtpOhPIojN0Zl1whvOd7PoHs2P0s5eA=="
    },
    "create-serve": {
      "version": "1.0.1",
      "resolved": "https://registry.npmjs.org/create-serve/-/create-serve-1.0.1.tgz",
      "integrity": "sha512-cDAmBGhkwolS7ihq7SnPE8KwjYUZl5FaI9Pq5ZBwNelSKvFR9OoAA4/B5BfB/NC+eYaykBpX9RVMfuU4DHtrPw==",
      "dev": true
    },
    "csstype": {
      "version": "3.0.8",
      "resolved": "https://registry.npmjs.org/csstype/-/csstype-3.0.8.tgz",
      "integrity": "sha512-jXKhWqXPmlUeoQnF/EhTtTl4C9SnrxSH/jZUih3jmO6lBKr99rP3/+FmrMj4EFpOXzMtXHAZkd3x0E6h6Fgflw=="
    },
    "esbuild": {
      "version": "0.12.10",
      "resolved": "https://registry.npmjs.org/esbuild/-/esbuild-0.12.10.tgz",
      "integrity": "sha512-KTZ84HqvKL1V76cVwv5W2/es+Bhdv8O9DYRKhJ0wHf1d2iLH6WEGX0zh7W+UzniWnZbUZg2c7GsdH2aWeFsfzQ==",
      "dev": true
    },
    "esbuild-serve": {
      "version": "1.0.1",
      "resolved": "https://registry.npmjs.org/esbuild-serve/-/esbuild-serve-1.0.1.tgz",
      "integrity": "sha512-VvYDThNuwg+YAuZC+RqAgw9TpEVGoDdcvm2mTL0lU+TxDXr+QGZfJ+zc6m7cXeJ940qijvdTSZl3mQbRGN4/PA==",
      "dev": true,
      "requires": {
        "create-serve": "^1.0.1",
        "esbuild": "^0.9.0"
      },
      "dependencies": {
        "esbuild": {
          "version": "0.9.7",
          "resolved": "https://registry.npmjs.org/esbuild/-/esbuild-0.9.7.tgz",
          "integrity": "sha512-VtUf6aQ89VTmMLKrWHYG50uByMF4JQlVysb8dmg6cOgW8JnFCipmz7p+HNBl+RR3LLCuBxFGVauAe2wfnF9bLg==",
          "dev": true
        }
      }
    },
    "hoist-non-react-statics": {
      "version": "3.3.2",
      "resolved": "https://registry.npmjs.org/hoist-non-react-statics/-/hoist-non-react-statics-3.3.2.tgz",
      "integrity": "sha512-/gGivxi8JPKWNm/W0jSmzcMPpfpPLc3dY/6GxhX2hQ9iGj3aDfklV4ET7NjKpSinLpJ5vafa9iiGIEZg10SfBw==",
      "requires": {
        "react-is": "^16.7.0"
      }
    },
    "immer": {
      "version": "9.0.3",
      "resolved": "https://registry.npmjs.org/immer/-/immer-9.0.3.tgz",
      "integrity": "sha512-mONgeNSMuyjIe0lkQPa9YhdmTv8P19IeHV0biYhcXhbd5dhdB9HSK93zBpyKjp6wersSUgT5QyU0skmejUVP2A=="
    },
    "js-tokens": {
      "version": "4.0.0",
      "resolved": "https://registry.npmjs.org/js-tokens/-/js-tokens-4.0.0.tgz",
      "integrity": "sha512-RdJUflcE3cUzKiMqQgsCu06FPu9UdIJO0beYbPhHN4k6apgJtifcoCtT9bcxOpYBtpD2kCM6Sbzg4CausW/PKQ=="
    },
    "loose-envify": {
      "version": "1.4.0",
      "resolved": "https://registry.npmjs.org/loose-envify/-/loose-envify-1.4.0.tgz",
      "integrity": "sha512-lyuxPGr/Wfhrlem2CL/UcnUc1zcqKAImBDzukY7Y5F/yQiNdko6+fRLevlw1HgMySw7f611UIY408EtxRSoK3Q==",
      "requires": {
        "js-tokens": "^3.0.0 || ^4.0.0"
      }
    },
    "object-assign": {
      "version": "4.1.1",
      "resolved": "https://registry.npmjs.org/object-assign/-/object-assign-4.1.1.tgz",
      "integrity": "sha1-IQmtx5ZYh8/AXLvUQsrIv7s2CGM="
    },
    "prop-types": {
      "version": "15.7.2",
      "resolved": "https://registry.npmjs.org/prop-types/-/prop-types-15.7.2.tgz",
      "integrity": "sha512-8QQikdH7//R2vurIJSutZ1smHYTcLpRWEOlHnzcWHmBYrOGUysKwSsrC89BCiFj3CbrfJ/nXFdJepOVrY1GCHQ==",
      "requires": {
        "loose-envify": "^1.4.0",
        "object-assign": "^4.1.1",
        "react-is": "^16.8.1"
      }
    },
    "react": {
      "version": "17.0.2",
      "resolved": "https://registry.npmjs.org/react/-/react-17.0.2.tgz",
      "integrity": "sha512-gnhPt75i/dq/z3/6q/0asP78D0u592D5L1pd7M8P+dck6Fu/jJeL6iVVK23fptSUZj8Vjf++7wXA8UNclGQcbA==",
      "requires": {
        "loose-envify": "^1.1.0",
        "object-assign": "^4.1.1"
      }
    },
    "react-dom": {
      "version": "17.0.2",
      "resolved": "https://registry.npmjs.org/react-dom/-/react-dom-17.0.2.tgz",
      "integrity": "sha512-s4h96KtLDUQlsENhMn1ar8t2bEa+q/YAtj8pPPdIjPDGBDIVNsrD9aXNWqspUe6AzKCIG0C1HZZLqLV7qpOBGA==",
      "requires": {
        "loose-envify": "^1.1.0",
        "object-assign": "^4.1.1",
        "scheduler": "^0.20.2"
      }
    },
    "react-is": {
      "version": "16.13.1",
      "resolved": "https://registry.npmjs.org/react-is/-/react-is-16.13.1.tgz",
      "integrity": "sha512-24e6ynE2H+OKt4kqsOvNd8kBpV65zoxbA4BVsEOB3ARVWQki/DHzaUoC5KuON/BiccDaCCTZBuOcfZs70kR8bQ=="
    },
    "react-redux": {
      "version": "7.2.4",
      "resolved": "https://registry.npmjs.org/react-redux/-/react-redux-7.2.4.tgz",
      "integrity": "sha512-hOQ5eOSkEJEXdpIKbnRyl04LhaWabkDPV+Ix97wqQX3T3d2NQ8DUblNXXtNMavc7DpswyQM6xfaN4HQDKNY2JA==",
      "requires": {
        "@babel/runtime": "^7.12.1",
        "@types/react-redux": "^7.1.16",
        "hoist-non-react-statics": "^3.3.2",
        "loose-envify": "^1.4.0",
        "prop-types": "^15.7.2",
        "react-is": "^16.13.1"
      }
    },
    "redux": {
      "version": "4.1.0",
      "resolved": "https://registry.npmjs.org/redux/-/redux-4.1.0.tgz",
      "integrity": "sha512-uI2dQN43zqLWCt6B/BMGRMY6db7TTY4qeHHfGeKb3EOhmOKjU3KdWvNLJyqaHRksv/ErdNH7cFZWg9jXtewy4g==",
      "requires": {
        "@babel/runtime": "^7.9.2"
      }
    },
    "redux-thunk": {
      "version": "2.3.0",
      "resolved": "https://registry.npmjs.org/redux-thunk/-/redux-thunk-2.3.0.tgz",
      "integrity": "sha512-km6dclyFnmcvxhAcrQV2AkZmPQjzPDjgVlQtR0EQjxZPyJ0BnMf3in1ryuR8A2qU0HldVRfxYXbFSKlI3N7Slw=="
    },
    "regenerator-runtime": {
      "version": "0.13.7",
      "resolved": "https://registry.npmjs.org/regenerator-runtime/-/regenerator-runtime-0.13.7.tgz",
      "integrity": "sha512-a54FxoJDIr27pgf7IgeQGxmqUNYrcV338lf/6gH456HZ/PhX+5BcwHXG9ajESmwe6WRO0tAzRUrRmNONWgkrew=="
    },
    "reselect": {
      "version": "4.0.0",
      "resolved": "https://registry.npmjs.org/reselect/-/reselect-4.0.0.tgz",
      "integrity": "sha512-qUgANli03jjAyGlnbYVAV5vvnOmJnODyABz51RdBN7M4WaVu8mecZWgyQNkG8Yqe3KRGRt0l4K4B3XVEULC4CA=="
    },
    "scheduler": {
      "version": "0.20.2",
      "resolved": "https://registry.npmjs.org/scheduler/-/scheduler-0.20.2.tgz",
      "integrity": "sha512-2eWfGgAqqWFGqtdMmcL5zCMK1U8KlXv8SQFGglL3CEtd0aDVDWgeF/YoCmvln55m5zSk3J/20hTaSBeSObsQDQ==",
      "requires": {
        "loose-envify": "^1.1.0",
        "object-assign": "^4.1.1"
      }
    },
    "typescript": {
      "version": "4.3.4",
      "resolved": "https://registry.npmjs.org/typescript/-/typescript-4.3.4.tgz",
      "integrity": "sha512-uauPG7XZn9F/mo+7MrsRjyvbxFpzemRjKEZXS4AK83oP2KKOJPvb+9cO/gmnv8arWZvhnjVOXz7B49m1l0e9Ew=="
    }
  }
}
